
Microsoft Visual Studio Solution File, Format Version 12.00
# Visual Studio Version 17
VisualStudioVersion = 17.14.36310.24
MinimumVisualStudioVersion = 10.0.40219.1
Project("{FAE04EC0-301F-11D3-BF4B-00C04F79EFBC}") = "OrderService", "OrderService.csproj", "{771710AE-A87C-404F-BD60-CF1CA42420BC}"
EndProject
Project("{FAE04EC0-301F-11D3-BF4B-00C04F79EFBC}") = "AnalyzeOrderLogs", "..\AnalyzeOrderLogs\AnalyzeOrderLogs.csproj", "{344377DF-E2CE-4071-8E69-68D11068CF96}"
EndProject
Global
	GlobalSection(SolutionConfigurationPlatforms) = preSolution
		Debug|Any CPU = Debug|Any CPU
		Release|Any CPU = Release|Any CPU
	EndGlobalSection
	GlobalSection(ProjectConfigurationPlatforms) = postSolution
		{771710AE-A87C-404F-BD60-CF1CA42420BC}.Debug|Any CPU.ActiveCfg = Debug|Any CPU
		{771710AE-A87C-404F-BD60-CF1CA42420BC}.Debug|Any CPU.Build.0 = Debug|Any CPU
		{771710AE-A87C-404F-BD60-CF1CA42420BC}.Release|Any CPU.ActiveCfg = Release|Any CPU
		{771710AE-A87C-404F-BD60-CF1CA42420BC}.Release|Any CPU.Build.0 = Release|Any CPU
		{344377DF-E2CE-4071-8E69-68D11068CF96}.Debug|Any CPU.ActiveCfg = Debug|Any CPU
		{344377DF-E2CE-4071-8E69-68D11068CF96}.Debug|Any CPU.Build.0 = Debug|Any CPU
		{344377DF-E2CE-4071-8E69-68D11068CF96}.Release|Any CPU.ActiveCfg = Release|Any CPU
		{344377DF-E2CE-4071-8E69-68D11068CF96}.Release|Any CPU.Build.0 = Release|Any CPU
	EndGlobalSection
	GlobalSection(SolutionProperties) = preSolution
		HideSolutionNode = FALSE
	EndGlobalSection
	GlobalSection(ExtensibilityGlobals) = postSolution
		SolutionGuid = {5FE8AC10-9571-41EF-A520-9E34C0198830}
	EndGlobalSection
EndGlobal
